
Microsoft Visual Studio Solution File, Format Version 12.00
# Visual Studio Version 17
VisualStudioVersion = 17.9.34714.143
MinimumVisualStudioVersion = 10.0.40219.1
Project("{9A19103F-16F7-4668-BE54-9A1E7A4F7556}") = "ConsoleApp1", "ConsoleApp1\ConsoleApp1.csproj", "{C9091CE6-5AD7-415F-8389-E4238C03AE09}"
EndProject
Project("{2150E333-8FDC-42A3-9474-1A3956D46DE8}") = "Éléments de solution", "Éléments de solution", "{64C11CF2-96BD-4F81-BCC5-152F33F35139}"
EndProject
Global
	GlobalSection(SolutionConfigurationPlatforms) = preSolution
		Debug|Any CPU = Debug|Any CPU
		Release|Any CPU = Release|Any CPU
	EndGlobalSection
	GlobalSection(ProjectConfigurationPlatforms) = postSolution
		{C9091CE6-5AD7-415F-8389-E4238C03AE09}.Debug|Any CPU.ActiveCfg = Debug|Any CPU
		{C9091CE6-5AD7-415F-8389-E4238C03AE09}.Debug|Any CPU.Build.0 = Debug|Any CPU
		{C9091CE6-5AD7-415F-8389-E4238C03AE09}.Release|Any CPU.ActiveCfg = Release|Any CPU
		{C9091CE6-5AD7-415F-8389-E4238C03AE09}.Release|Any CPU.Build.0 = Release|Any CPU
	EndGlobalSection
	GlobalSection(SolutionProperties) = preSolution
		HideSolutionNode = FALSE
	EndGlobalSection
	GlobalSection(ExtensibilityGlobals) = postSolution
		SolutionGuid = {F3776D27-45AA-4D8D-A63F-48528AE85B1E}
	EndGlobalSection
EndGlobal
